
Microsoft Visual Studio Solution File, Format Version 12.00
# Visual Studio Version 16
VisualStudioVersion = 16.0.30523.141
MinimumVisualStudioVersion = 10.0.40219.1
Project("{FAE04EC0-301F-11D3-BF4B-00C04F79EFBC}") = "asc", "asc.csproj", "{15719670-DAF6-4FB8-A873-14D6B19D7A73}"
EndProject
Global
	GlobalSection(SolutionConfigurationPlatforms) = preSolution
		Debug|Any CPU = Debug|Any CPU
		Release|Any CPU = Release|Any CPU
	EndGlobalSection
	GlobalSection(ProjectConfigurationPlatforms) = postSolution
		{15719670-DAF6-4FB8-A873-14D6B19D7A73}.Debug|Any CPU.ActiveCfg = Debug|Any CPU
		{15719670-DAF6-4FB8-A873-14D6B19D7A73}.Debug|Any CPU.Build.0 = Debug|Any CPU
		{15719670-DAF6-4FB8-A873-14D6B19D7A73}.Release|Any CPU.ActiveCfg = Release|Any CPU
		{15719670-DAF6-4FB8-A873-14D6B19D7A73}.Release|Any CPU.Build.0 = Release|Any CPU
	EndGlobalSection
	GlobalSection(SolutionProperties) = preSolution
		HideSolutionNode = FALSE
	EndGlobalSection
	GlobalSection(ExtensibilityGlobals) = postSolution
		SolutionGuid = {87B633AC-98C3-47DD-A755-B9422BECD9AC}
	EndGlobalSection
EndGlobal
